// !$*UTF8*$!
{
	archiveVersion = 1;
	classes = {
	};
	objectVersion = 77;
	objects = {

/* Begin PBXBuildFile section */
		348043232EDEAF5F00D887F4 /* PetWalkWatch Watch App.app in Embed Watch Content */ = {isa = PBXBuildFile; fileRef = 348043032EDEAF5D00D887F4 /* PetWalkWatch Watch App.app */; settings = {ATTRIBUTES = (RemoveHeadersOnCopy, ); }; };
/* End PBXBuildFile section */

/* Begin PBXContainerItemProxy section */
		348042B22EDDC29000D887F4 /* PBXContainerItemProxy */ = {
			isa = PBXContainerItemProxy;
			containerPortal = 3480429A2EDDC28E00D887F4 /* Project object */;
			proxyType = 1;
			remoteGlobalIDString = 348042A12EDDC28E00D887F4;
			remoteInfo = PetWalk;
		};
		348042BC2EDDC29000D887F4 /* PBXContainerItemProxy */ = {
			isa = PBXContainerItemProxy;
			containerPortal = 3480429A2EDDC28E00D887F4 /* Project object */;
			proxyType = 1;
			remoteGlobalIDString = 348042A12EDDC28E00D887F4;
			remoteInfo = PetWalk;
		};
		348043102EDEAF5F00D887F4 /* PBXContainerItemProxy */ = {
			isa = PBXContainerItemProxy;
			containerPortal = 3480429A2EDDC28E00D887F4 /* Project object */;
			proxyType = 1;
			remoteGlobalIDString = 348043022EDEAF5D00D887F4;
			remoteInfo = "PetWalkWatch Watch App";
		};
		3480431A2EDEAF5F00D887F4 /* PBXContainerItemProxy */ = {
			isa = PBXContainerItemProxy;
			containerPortal = 3480429A2EDDC28E00D887F4 /* Project object */;
			proxyType = 1;
			remoteGlobalIDString = 348043022EDEAF5D00D887F4;
			remoteInfo = "PetWalkWatch Watch App";
		};
		348043212EDEAF5F00D887F4 /* PBXContainerItemProxy */ = {
			isa = PBXContainerItemProxy;
			containerPortal = 3480429A2EDDC28E00D887F4 /* Project object */;
			proxyType = 1;
			remoteGlobalIDString = 348043022EDEAF5D00D887F4;
			remoteInfo = "PetWalkWatch Watch App";
		};
/* End PBXContainerItemProxy section */

/* Begin PBXCopyFilesBuildPhase section */
		348043272EDEAF5F00D887F4 /* Embed Watch Content */ = {
			isa = PBXCopyFilesBuildPhase;
			buildActionMask = 2147483647;
			dstPath = "$(CONTENTS_FOLDER_PATH)/Watch";
			dstSubfolderSpec = 16;
			files = (
				348043232EDEAF5F00D887F4 /* PetWalkWatch Watch App.app in Embed Watch Content */,
			);
			name = "Embed Watch Content";
			runOnlyForDeploymentPostprocessing = 0;
		};
/* End PBXCopyFilesBuildPhase section */

/* Begin PBXFileReference section */
		348042A22EDDC28E00D887F4 /* PetWalk.app */ = {isa = PBXFileReference; explicitFileType = wrapper.application; includeInIndex = 0; path = PetWalk.app; sourceTree = BUILT_PRODUCTS_DIR; };
		348042B12EDDC29000D887F4 /* PetWalkTests.xctest */ = {isa = PBXFileReference; explicitFileType = wrapper.cfbundle; includeInIndex = 0; path = PetWalkTests.xctest; sourceTree = BUILT_PRODUCTS_DIR; };
		348042BB2EDDC29000D887F4 /* PetWalkUITests.xctest */ = {isa = PBXFileReference; explicitFileType = wrapper.cfbundle; includeInIndex = 0; path = PetWalkUITests.xctest; sourceTree = BUILT_PRODUCTS_DIR; };
		348043032EDEAF5D00D887F4 /* PetWalkWatch Watch App.app */ = {isa = PBXFileReference; explicitFileType = wrapper.application; includeInIndex = 0; path = "PetWalkWatch Watch App.app"; sourceTree = BUILT_PRODUCTS_DIR; };
		3480430F2EDEAF5F00D887F4 /* PetWalkWatch Watch AppTests.xctest */ = {isa = PBXFileReference; explicitFileType = wrapper.cfbundle; includeInIndex = 0; path = "PetWalkWatch Watch AppTests.xctest"; sourceTree = BUILT_PRODUCTS_DIR; };
		348043192EDEAF5F00D887F4 /* PetWalkWatch Watch AppUITests.xctest */ = {isa = PBXFileReference; explicitFileType = wrapper.cfbundle; includeInIndex = 0; path = "PetWalkWatch Watch AppUITests.xctest"; sourceTree = BUILT_PRODUCTS_DIR; };
/* End PBXFileReference section */

/* Begin PBXFileSystemSynchronizedBuildFileExceptionSet section */
		348042F82EDEAB4700D887F4 /* Exceptions for "PetWalk" folder in "PetWalk" target */ = {
			isa = PBXFileSystemSynchronizedBuildFileExceptionSet;
			membershipExceptions = (
				Info.plist,
			);
			target = 348042A12EDDC28E00D887F4 /* PetWalk */;
		};
/* End PBXFileSystemSynchronizedBuildFileExceptionSet section */

/* Begin PBXFileSystemSynchronizedRootGroup section */
		348042A42EDDC28E00D887F4 /* PetWalk */ = {
			isa = PBXFileSystemSynchronizedRootGroup;
			exceptions = (
				348042F82EDEAB4700D887F4 /* Exceptions for "PetWalk" folder in "PetWalk" target */,
			);
			path = PetWalk;
			sourceTree = "<group>";
		};
		348042B42EDDC29000D887F4 /* PetWalkTests */ = {
			isa = PBXFileSystemSynchronizedRootGroup;
			path = PetWalkTests;
			sourceTree = "<group>";
		};
		348042BE2EDDC29000D887F4 /* PetWalkUITests */ = {
			isa = PBXFileSystemSynchronizedRootGroup;
			path = PetWalkUITests;
			sourceTree = "<group>";
		};
		348043042EDEAF5D00D887F4 /* PetWalkWatch Watch App */ = {
			isa = PBXFileSystemSynchronizedRootGroup;
			path = "PetWalkWatch Watch App";
			sourceTree = "<group>";
		};
		348043122EDEAF5F00D887F4 /* PetWalkWatch Watch AppTests */ = {
			isa = PBXFileSystemSynchronizedRootGroup;
			path = "PetWalkWatch Watch AppTests";
			sourceTree = "<group>";
		};
		3480431C2EDEAF5F00D887F4 /* PetWalkWatch Watch AppUITests */ = {
			isa = PBXFileSystemSynchronizedRootGroup;
			path = "PetWalkWatch Watch AppUITests";
			sourceTree = "<group>";
		};
/* End PBXFileSystemSynchronizedRootGroup section */

/* Begin PBXFrameworksBuildPhase section */
		3480429F2EDDC28E00D887F4 /* Frameworks */ = {
			isa = PBXFrameworksBuildPhase;
			buildActionMask = 2147483647;
			files = (
			);
			runOnlyForDeploymentPostprocessing = 0;
		};
		348042AE2EDDC29000D887F4 /* Frameworks */ = {
			isa = PBXFrameworksBuildPhase;
			buildActionMask = 2147483647;
			files = (
			);
			runOnlyForDeploymentPostprocessing = 0;
		};
		348042B82EDDC29000D887F4 /* Frameworks */ = {
			isa = PBXFrameworksBuildPhase;
			buildActionMask = 2147483647;
			files = (
			);
			runOnlyForDeploymentPostprocessing = 0;
		};
		348043002EDEAF5D00D887F4 /* Frameworks */ = {
			isa = PBXFrameworksBuildPhase;
			buildActionMask = 2147483647;
			files = (
			);
			runOnlyForDeploymentPostprocessing = 0;
		};
		3480430C2EDEAF5F00D887F4 /* Frameworks */ = {
			isa = PBXFrameworksBuildPhase;
			buildActionMask = 2147483647;
			files = (
			);
			runOnlyForDeploymentPostprocessing = 0;
		};
		348043162EDEAF5F00D887F4 /* Frameworks */ = {
			isa = PBXFrameworksBuildPhase;
			buildActionMask = 2147483647;
			files = (
			);
			runOnlyForDeploymentPostprocessing = 0;
		};
/* End PBXFrameworksBuildPhase section */

/* Begin PBXGroup section */
		348042992EDDC28E00D887F4 = {
			isa = PBXGroup;
			children = (
				348042A42EDDC28E00D887F4 /* PetWalk */,
				348042B42EDDC29000D887F4 /* PetWalkTests */,
				348042BE2EDDC29000D887F4 /* PetWalkUITests */,
				348043042EDEAF5D00D887F4 /* PetWalkWatch Watch App */,
				348043122EDEAF5F00D887F4 /* PetWalkWatch Watch AppTests */,
				3480431C2EDEAF5F00D887F4 /* PetWalkWatch Watch AppUITests */,
				348042A32EDDC28E00D887F4 /* Products */,
			);
			sourceTree = "<group>";
		};
		348042A32EDDC28E00D887F4 /* Products */ = {
			isa = PBXGroup;
			children = (
				348042A22EDDC28E00D887F4 /* PetWalk.app */,
				348042B12EDDC29000D887F4 /* PetWalkTests.xctest */,
				348042BB2EDDC29000D887F4 /* PetWalkUITests.xctest */,
				348043032EDEAF5D00D887F4 /* PetWalkWatch Watch App.app */,
				3480430F2EDEAF5F00D887F4 /* PetWalkWatch Watch AppTests.xctest */,
				348043192EDEAF5F00D887F4 /* PetWalkWatch Watch AppUITests.xctest */,
			);
			name = Products;
			sourceTree = "<group>";
		};
/* End PBXGroup section */

/* Begin PBXNativeTarget section */
		348042A12EDDC28E00D887F4 /* PetWalk */ = {
			isa = PBXNativeTarget;
			buildConfigurationList = 348042C52EDDC29000D887F4 /* Build configuration list for PBXNativeTarget "PetWalk" */;
			buildPhases = (
				3480429E2EDDC28E00D887F4 /* Sources */,
				3480429F2EDDC28E00D887F4 /* Frameworks */,
				348042A02EDDC28E00D887F4 /* Resources */,
				348043272EDEAF5F00D887F4 /* Embed Watch Content */,
			);
			buildRules = (
			);
			dependencies = (
				348043222EDEAF5F00D887F4 /* PBXTargetDependency */,
			);
			fileSystemSynchronizedGroups = (
				348042A42EDDC28E00D887F4 /* PetWalk */,
			);
			name = PetWalk;
			packageProductDependencies = (
			);
			productName = PetWalk;
			productReference = 348042A22EDDC28E00D887F4 /* PetWalk.app */;
			productType = "com.apple.product-type.application";
		};
		348042B02EDDC29000D887F4 /* PetWalkTests */ = {
			isa = PBXNativeTarget;
			buildConfigurationList = 348042C82EDDC29000D887F4 /* Build configuration list for PBXNativeTarget "PetWalkTests" */;
			buildPhases = (
				348042AD2EDDC29000D887F4 /* Sources */,
				348042AE2EDDC29000D887F4 /* Frameworks */,
				348042AF2EDDC29000D887F4 /* Resources */,
			);
			buildRules = (
			);
			dependencies = (
				348042B32EDDC29000D887F4 /* PBXTargetDependency */,
			);
			fileSystemSynchronizedGroups = (
				348042B42EDDC29000D887F4 /* PetWalkTests */,
			);
			name = PetWalkTests;
			packageProductDependencies = (
			);
			productName = PetWalkTests;
			productReference = 348042B12EDDC29000D887F4 /* PetWalkTests.xctest */;
			productType = "com.apple.product-type.bundle.unit-test";
		};
		348042BA2EDDC29000D887F4 /* PetWalkUITests */ = {
			isa = PBXNativeTarget;
			buildConfigurationList = 348042CB2EDDC29000D887F4 /* Build configuration list for PBXNativeTarget "PetWalkUITests" */;
			buildPhases = (
				348042B72EDDC29000D887F4 /* Sources */,
				348042B82EDDC29000D887F4 /* Frameworks */,
				348042B92EDDC29000D887F4 /* Resources */,
			);
			buildRules = (
			);
			dependencies = (
				348042BD2EDDC29000D887F4 /* PBXTargetDependency */,
			);
			fileSystemSynchronizedGroups = (
				348042BE2EDDC29000D887F4 /* PetWalkUITests */,
			);
			name = PetWalkUITests;
			packageProductDependencies = (
			);
			productName = PetWalkUITests;
			productReference = 348042BB2EDDC29000D887F4 /* PetWalkUITests.xctest */;
			productType = "com.apple.product-type.bundle.ui-testing";
		};
		348043022EDEAF5D00D887F4 /* PetWalkWatch Watch App */ = {
			isa = PBXNativeTarget;
			buildConfigurationList = 348043242EDEAF5F00D887F4 /* Build configuration list for PBXNativeTarget "PetWalkWatch Watch App" */;
			buildPhases = (
				348042FF2EDEAF5D00D887F4 /* Sources */,
				348043002EDEAF5D00D887F4 /* Frameworks */,
				348043012EDEAF5D00D887F4 /* Resources */,
			);
			buildRules = (
			);
			dependencies = (
			);
			fileSystemSynchronizedGroups = (
				348043042EDEAF5D00D887F4 /* PetWalkWatch Watch App */,
			);
			name = "PetWalkWatch Watch App";
			packageProductDependencies = (
			);
			productName = "PetWalkWatch Watch App";
			productReference = 348043032EDEAF5D00D887F4 /* PetWalkWatch Watch App.app */;
			productType = "com.apple.product-type.application";
		};
		3480430E2EDEAF5F00D887F4 /* PetWalkWatch Watch AppTests */ = {
			isa = PBXNativeTarget;
			buildConfigurationList = 348043282EDEAF5F00D887F4 /* Build configuration list for PBXNativeTarget "PetWalkWatch Watch AppTests" */;
			buildPhases = (
				3480430B2EDEAF5F00D887F4 /* Sources */,
				3480430C2EDEAF5F00D887F4 /* Frameworks */,
				3480430D2EDEAF5F00D887F4 /* Resources */,
			);
			buildRules = (
			);
			dependencies = (
				348043112EDEAF5F00D887F4 /* PBXTargetDependency */,
			);
			fileSystemSynchronizedGroups = (
				348043122EDEAF5F00D887F4 /* PetWalkWatch Watch AppTests */,
			);
			name = "PetWalkWatch Watch AppTests";
			packageProductDependencies = (
			);
			productName = "PetWalkWatch Watch AppTests";
			productReference = 3480430F2EDEAF5F00D887F4 /* PetWalkWatch Watch AppTests.xctest */;
			productType = "com.apple.product-type.bundle.unit-test";
		};
		348043182EDEAF5F00D887F4 /* PetWalkWatch Watch AppUITests */ = {
			isa = PBXNativeTarget;
			buildConfigurationList = 3480432B2EDEAF5F00D887F4 /* Build configuration list for PBXNativeTarget "PetWalkWatch Watch AppUITests" */;
			buildPhases = (
				348043152EDEAF5F00D887F4 /* Sources */,
				348043162EDEAF5F00D887F4 /* Frameworks */,
				348043172EDEAF5F00D887F4 /* Resources */,
			);
			buildRules = (
			);
			dependencies = (
				3480431B2EDEAF5F00D887F4 /* PBXTargetDependency */,
			);
			fileSystemSynchronizedGroups = (
				3480431C2EDEAF5F00D887F4 /* PetWalkWatch Watch AppUITests */,
			);
			name = "PetWalkWatch Watch AppUITests";
			packageProductDependencies = (
			);
			productName = "PetWalkWatch Watch AppUITests";
			productReference = 348043192EDEAF5F00D887F4 /* PetWalkWatch Watch AppUITests.xctest */;
			productType = "com.apple.product-type.bundle.ui-testing";
		};
/* End PBXNativeTarget section */

/* Begin PBXProject section */
		3480429A2EDDC28E00D887F4 /* Project object */ = {
			isa = PBXProject;
			attributes = {
				BuildIndependentTargetsInParallel = 1;
				LastSwiftUpdateCheck = 1640;
				LastUpgradeCheck = 1640;
				TargetAttributes = {
					348042A12EDDC28E00D887F4 = {
						CreatedOnToolsVersion = 16.4;
					};
					348042B02EDDC29000D887F4 = {
						CreatedOnToolsVersion = 16.4;
						TestTargetID = 348042A12EDDC28E00D887F4;
					};
					348042BA2EDDC29000D887F4 = {
						CreatedOnToolsVersion = 16.4;
						TestTargetID = 348042A12EDDC28E00D887F4;
					};
					348043022EDEAF5D00D887F4 = {
						CreatedOnToolsVersion = 16.4;
					};
					3480430E2EDEAF5F00D887F4 = {
						CreatedOnToolsVersion = 16.4;
						TestTargetID = 348043022EDEAF5D00D887F4;
					};
					348043182EDEAF5F00D887F4 = {
						CreatedOnToolsVersion = 16.4;
						TestTargetID = 348043022EDEAF5D00D887F4;
					};
				};
			};
			buildConfigurationList = 3480429D2EDDC28E00D887F4 /* Build configuration list for PBXProject "PetWalk" */;
			developmentRegion = en;
			hasScannedForEncodings = 0;
			knownRegions = (
				en,
				Base,
			);
			mainGroup = 348042992EDDC28E00D887F4;
			minimizedProjectReferenceProxies = 1;
			preferredProjectObjectVersion = 77;
			productRefGroup = 348042A32EDDC28E00D887F4 /* Products */;
			projectDirPath = "";
			projectRoot = "";
			targets = (
				348042A12EDDC28E00D887F4 /* PetWalk */,
				348042B02EDDC29000D887F4 /* PetWalkTests */,
				348042BA2EDDC29000D887F4 /* PetWalkUITests */,
				348043022EDEAF5D00D887F4 /* PetWalkWatch Watch App */,
				3480430E2EDEAF5F00D887F4 /* PetWalkWatch Watch AppTests */,
				348043182EDEAF5F00D887F4 /* PetWalkWatch Watch AppUITests */,
			);
		};
/* End PBXProject section */

/* Begin PBXResourcesBuildPhase section */
		348042A02EDDC28E00D887F4 /* Resources */ = {
			isa = PBXResourcesBuildPhase;
			buildActionMask = 2147483647;
			files = (
			);
			runOnlyForDeploymentPostprocessing = 0;
		};
		348042AF2EDDC29000D887F4 /* Resources */ = {
			isa = PBXResourcesBuildPhase;
			buildActionMask = 2147483647;
			files = (
			);
			runOnlyForDeploymentPostprocessing = 0;
		};
		348042B92EDDC29000D887F4 /* Resources */ = {
			isa = PBXResourcesBuildPhase;
			buildActionMask = 2147483647;
			files = (
			);
			runOnlyForDeploymentPostprocessing = 0;
		};
		348043012EDEAF5D00D887F4 /* Resources */ = {
			isa = PBXResourcesBuildPhase;
			buildActionMask = 2147483647;
			files = (
			);
			runOnlyForDeploymentPostprocessing = 0;
		};
		3480430D2EDEAF5F00D887F4 /* Resources */ = {
			isa = PBXResourcesBuildPhase;
			buildActionMask = 2147483647;
			files = (
			);
			runOnlyForDeploymentPostprocessing = 0;
		};
		348043172EDEAF5F00D887F4 /* Resources */ = {
			isa = PBXResourcesBuildPhase;
			buildActionMask = 2147483647;
			files = (
			);
			runOnlyForDeploymentPostprocessing = 0;
		};
/* End PBXResourcesBuildPhase section */

/* Begin PBXSourcesBuildPhase section */
		3480429E2EDDC28E00D887F4 /* Sources */ = {
			isa = PBXSourcesBuildPhase;
			buildActionMask = 2147483647;
			files = (
			);
			runOnlyForDeploymentPostprocessing = 0;
		};
		348042AD2EDDC29000D887F4 /* Sources */ = {
			isa = PBXSourcesBuildPhase;
			buildActionMask = 2147483647;
			files = (
			);
			runOnlyForDeploymentPostprocessing = 0;
		};
		348042B72EDDC29000D887F4 /* Sources */ = {
			isa = PBXSourcesBuildPhase;
			buildActionMask = 2147483647;
			files = (
			);
			runOnlyForDeploymentPostprocessing = 0;
		};
		348042FF2EDEAF5D00D887F4 /* Sources */ = {
			isa = PBXSourcesBuildPhase;
			buildActionMask = 2147483647;
			files = (
			);
			runOnlyForDeploymentPostprocessing = 0;
		};
		3480430B2EDEAF5F00D887F4 /* Sources */ = {
			isa = PBXSourcesBuildPhase;
			buildActionMask = 2147483647;
			files = (
			);
			runOnlyForDeploymentPostprocessing = 0;
		};
		348043152EDEAF5F00D887F4 /* Sources */ = {
			isa = PBXSourcesBuildPhase;
			buildActionMask = 2147483647;
			files = (
			);
			runOnlyForDeploymentPostprocessing = 0;
		};
/* End PBXSourcesBuildPhase section */

/* Begin PBXTargetDependency section */
		348042B32EDDC29000D887F4 /* PBXTargetDependency */ = {
			isa = PBXTargetDependency;
			target = 348042A12EDDC28E00D887F4 /* PetWalk */;
			targetProxy = 348042B22EDDC29000D887F4 /* PBXContainerItemProxy */;
		};
		348042BD2EDDC29000D887F4 /* PBXTargetDependency */ = {
			isa = PBXTargetDependency;
			target = 348042A12EDDC28E00D887F4 /* PetWalk */;
			targetProxy = 348042BC2EDDC29000D887F4 /* PBXContainerItemProxy */;
		};
		348043112EDEAF5F00D887F4 /* PBXTargetDependency */ = {
			isa = PBXTargetDependency;
			target = 348043022EDEAF5D00D887F4 /* PetWalkWatch Watch App */;
			targetProxy = 348043102EDEAF5F00D887F4 /* PBXContainerItemProxy */;
		};
		3480431B2EDEAF5F00D887F4 /* PBXTargetDependency */ = {
			isa = PBXTargetDependency;
			target = 348043022EDEAF5D00D887F4 /* PetWalkWatch Watch App */;
			targetProxy = 3480431A2EDEAF5F00D887F4 /* PBXContainerItemProxy */;
		};
		348043222EDEAF5F00D887F4 /* PBXTargetDependency */ = {
			isa = PBXTargetDependency;
			target = 348043022EDEAF5D00D887F4 /* PetWalkWatch Watch App */;
			targetProxy = 348043212EDEAF5F00D887F4 /* PBXContainerItemProxy */;
		};
/* End PBXTargetDependency section */

/* Begin XCBuildConfiguration section */
		348042C32EDDC29000D887F4 /* Debug */ = {
			isa = XCBuildConfiguration;
			buildSettings = {
				ALWAYS_SEARCH_USER_PATHS = NO;
				ASSETCATALOG_COMPILER_GENERATE_SWIFT_ASSET_SYMBOL_EXTENSIONS = YES;
				CLANG_ANALYZER_NONNULL = YES;
				CLANG_ANALYZER_NUMBER_OBJECT_CONVERSION = YES_AGGRESSIVE;
				CLANG_CXX_LANGUAGE_STANDARD = "gnu++20";
				CLANG_ENABLE_MODULES = YES;
				CLANG_ENABLE_OBJC_ARC = YES;
				CLANG_ENABLE_OBJC_WEAK = YES;
				CLANG_WARN_BLOCK_CAPTURE_AUTORELEASING = YES;
				CLANG_WARN_BOOL_CONVERSION = YES;
				CLANG_WARN_COMMA = YES;
				CLANG_WARN_CONSTANT_CONVERSION = YES;
				CLANG_WARN_DEPRECATED_OBJC_IMPLEMENTATIONS = YES;
				CLANG_WARN_DIRECT_OBJC_ISA_USAGE = YES_ERROR;
				CLANG_WARN_DOCUMENTATION_COMMENTS = YES;
				CLANG_WARN_EMPTY_BODY = YES;
				CLANG_WARN_ENUM_CONVERSION = YES;
				CLANG_WARN_INFINITE_RECURSION = YES;
				CLANG_WARN_INT_CONVERSION = YES;
				CLANG_WARN_NON_LITERAL_NULL_CONVERSION = YES;
				CLANG_WARN_OBJC_IMPLICIT_RETAIN_SELF = YES;
				CLANG_WARN_OBJC_LITERAL_CONVERSION = YES;
				CLANG_WARN_OBJC_ROOT_CLASS = YES_ERROR;
				CLANG_WARN_QUOTED_INCLUDE_IN_FRAMEWORK_HEADER = YES;
				CLANG_WARN_RANGE_LOOP_ANALYSIS = YES;
				CLANG_WARN_STRICT_PROTOTYPES = YES;
				CLANG_WARN_SUSPICIOUS_MOVE = YES;
				CLANG_WARN_UNGUARDED_AVAILABILITY = YES_AGGRESSIVE;
				CLANG_WARN_UNREACHABLE_CODE = YES;
				CLANG_WARN__DUPLICATE_METHOD_MATCH = YES;
				COPY_PHASE_STRIP = NO;
				DEBUG_INFORMATION_FORMAT = dwarf;
				DEVELOPMENT_TEAM = 2W2SCP4Q92;
				ENABLE_STRICT_OBJC_MSGSEND = YES;
				ENABLE_TESTABILITY = YES;
				ENABLE_USER_SCRIPT_SANDBOXING = YES;
				GCC_C_LANGUAGE_STANDARD = gnu17;
				GCC_DYNAMIC_NO_PIC = NO;
				GCC_NO_COMMON_BLOCKS = YES;
				GCC_OPTIMIZATION_LEVEL = 0;
				GCC_PREPROCESSOR_DEFINITIONS = (
					"DEBUG=1",
					"$(inherited)",
				);
				GCC_WARN_64_TO_32_BIT_CONVERSION = YES;
				GCC_WARN_ABOUT_RETURN_TYPE = YES_ERROR;
				GCC_WARN_UNDECLARED_SELECTOR = YES;
				GCC_WARN_UNINITIALIZED_AUTOS = YES_AGGRESSIVE;
				GCC_WARN_UNUSED_FUNCTION = YES;
				GCC_WARN_UNUSED_VARIABLE = YES;
				IPHONEOS_DEPLOYMENT_TARGET = 18.5;
				LOCALIZATION_PREFERS_STRING_CATALOGS = YES;
				MTL_ENABLE_DEBUG_INFO = INCLUDE_SOURCE;
				MTL_FAST_MATH = YES;
				ONLY_ACTIVE_ARCH = YES;
				SDKROOT = iphoneos;
				SWIFT_ACTIVE_COMPILATION_CONDITIONS = "DEBUG $(inherited)";
				SWIFT_OPTIMIZATION_LEVEL = "-Onone";
			};
			name = Debug;
		};
		348042C42EDDC29000D887F4 /* Release */ = {
			isa = XCBuildConfiguration;
			buildSettings = {
				ALWAYS_SEARCH_USER_PATHS = NO;
				ASSETCATALOG_COMPILER_GENERATE_SWIFT_ASSET_SYMBOL_EXTENSIONS = YES;
				CLANG_ANALYZER_NONNULL = YES;
				CLANG_ANALYZER_NUMBER_OBJECT_CONVERSION = YES_AGGRESSIVE;
				CLANG_CXX_LANGUAGE_STANDARD = "gnu++20";
				CLANG_ENABLE_MODULES = YES;
				CLANG_ENABLE_OBJC_ARC = YES;
				CLANG_ENABLE_OBJC_WEAK = YES;
				CLANG_WARN_BLOCK_CAPTURE_AUTORELEASING = YES;
				CLANG_WARN_BOOL_CONVERSION = YES;
				CLANG_WARN_COMMA = YES;
				CLANG_WARN_CONSTANT_CONVERSION = YES;
				CLANG_WARN_DEPRECATED_OBJC_IMPLEMENTATIONS = YES;
				CLANG_WARN_DIRECT_OBJC_ISA_USAGE = YES_ERROR;
				CLANG_WARN_DOCUMENTATION_COMMENTS = YES;
				CLANG_WARN_EMPTY_BODY = YES;
				CLANG_WARN_ENUM_CONVERSION = YES;
				CLANG_WARN_INFINITE_RECURSION = YES;
				CLANG_WARN_INT_CONVERSION = YES;
				CLANG_WARN_NON_LITERAL_NULL_CONVERSION = YES;
				CLANG_WARN_OBJC_IMPLICIT_RETAIN_SELF = YES;
				CLANG_WARN_OBJC_LITERAL_CONVERSION = YES;
				CLANG_WARN_OBJC_ROOT_CLASS = YES_ERROR;
				CLANG_WARN_QUOTED_INCLUDE_IN_FRAMEWORK_HEADER = YES;
				CLANG_WARN_RANGE_LOOP_ANALYSIS = YES;
				CLANG_WARN_STRICT_PROTOTYPES = YES;
				CLANG_WARN_SUSPICIOUS_MOVE = YES;
				CLANG_WARN_UNGUARDED_AVAILABILITY = YES_AGGRESSIVE;
				CLANG_WARN_UNREACHABLE_CODE = YES;
				CLANG_WARN__DUPLICATE_METHOD_MATCH = YES;
				COPY_PHASE_STRIP = NO;
				DEBUG_INFORMATION_FORMAT = "dwarf-with-dsym";
				DEVELOPMENT_TEAM = 2W2SCP4Q92;
				ENABLE_NS_ASSERTIONS = NO;
				ENABLE_STRICT_OBJC_MSGSEND = YES;
				ENABLE_USER_SCRIPT_SANDBOXING = YES;
				GCC_C_LANGUAGE_STANDARD = gnu17;
				GCC_NO_COMMON_BLOCKS = YES;
				GCC_WARN_64_TO_32_BIT_CONVERSION = YES;
				GCC_WARN_ABOUT_RETURN_TYPE = YES_ERROR;
				GCC_WARN_UNDECLARED_SELECTOR = YES;
				GCC_WARN_UNINITIALIZED_AUTOS = YES_AGGRESSIVE;
				GCC_WARN_UNUSED_FUNCTION = YES;
				GCC_WARN_UNUSED_VARIABLE = YES;
				IPHONEOS_DEPLOYMENT_TARGET = 18.5;
				LOCALIZATION_PREFERS_STRING_CATALOGS = YES;
				MTL_ENABLE_DEBUG_INFO = NO;
				MTL_FAST_MATH = YES;
				SDKROOT = iphoneos;
				SWIFT_COMPILATION_MODE = wholemodule;
				VALIDATE_PRODUCT = YES;
			};
			name = Release;
		};
		348042C62EDDC29000D887F4 /* Debug */ = {
			isa = XCBuildConfiguration;
			buildSettings = {
				ASSETCATALOG_COMPILER_APPICON_NAME = AppIcon;
				ASSETCATALOG_COMPILER_GLOBAL_ACCENT_COLOR_NAME = AccentColor;
				CODE_SIGN_ENTITLEMENTS = PetWalk/PetWalk.entitlements;
				CODE_SIGN_STYLE = Automatic;
				CURRENT_PROJECT_VERSION = 1;
				DEVELOPMENT_TEAM = 2W2SCP4Q92;
				ENABLE_PREVIEWS = YES;
				GENERATE_INFOPLIST_FILE = YES;
				INFOPLIST_FILE = PetWalk/Info.plist;
				INFOPLIST_KEY_NSHealthShareUsageDescription = "PetWalk需要读取您的步数和步行距离以展示运动进度";
				INFOPLIST_KEY_NSHealthUpdateUsageDescription = "PetWalk需要读取您的步数和步行距离以展示运动进度";
				INFOPLIST_KEY_NSLocationWhenInUseUsageDescription = "PetWalk需要您的位置权限来记录遛狗轨迹";
				INFOPLIST_KEY_NSPhotoLibraryUsageDescription = "PetWalk需要访问相册以选择宠物照片";
				INFOPLIST_KEY_UIApplicationSceneManifest_Generation = YES;
				INFOPLIST_KEY_UIApplicationSupportsIndirectInputEvents = YES;
				INFOPLIST_KEY_UIRequiredDeviceCapabilities = armv7;
				INFOPLIST_KEY_UISupportedInterfaceOrientations = UIInterfaceOrientationPortrait;
				INFOPLIST_KEY_UISupportedInterfaceOrientations_iPad = "UIInterfaceOrientationPortrait UIInterfaceOrientationPortraitUpsideDown UIInterfaceOrientationLandscapeLeft UIInterfaceOrientationLandscapeRight";
				INFOPLIST_KEY_UISupportedInterfaceOrientations_iPhone = "UIInterfaceOrientationPortrait UIInterfaceOrientationLandscapeLeft UIInterfaceOrientationLandscapeRight";
				LD_RUNPATH_SEARCH_PATHS = (
					"$(inherited)",
					"@executable_path/Frameworks",
				);
				MARKETING_VERSION = 1.0;
				PRODUCT_BUNDLE_IDENTIFIER = Rooftop22.PetWalk;
				PRODUCT_NAME = "$(TARGET_NAME)";
				SWIFT_EMIT_LOC_STRINGS = YES;
				SWIFT_VERSION = 5.0;
				TARGETED_DEVICE_FAMILY = "1,2";
			};
			name = Debug;
		};
		348042C72EDDC29000D887F4 /* Release */ = {
			isa = XCBuildConfiguration;
			buildSettings = {
				ASSETCATALOG_COMPILER_APPICON_NAME = AppIcon;
				ASSETCATALOG_COMPILER_GLOBAL_ACCENT_COLOR_NAME = AccentColor;
				CODE_SIGN_ENTITLEMENTS = PetWalk/PetWalk.entitlements;
				CODE_SIGN_STYLE = Automatic;
				CURRENT_PROJECT_VERSION = 1;
				DEVELOPMENT_TEAM = 2W2SCP4Q92;
				ENABLE_PREVIEWS = YES;
				GENERATE_INFOPLIST_FILE = YES;
				INFOPLIST_FILE = PetWalk/Info.plist;
				INFOPLIST_KEY_NSHealthShareUsageDescription = "PetWalk需要读取您的步数和步行距离以展示运动进度";
				INFOPLIST_KEY_NSHealthUpdateUsageDescription = "PetWalk需要读取您的步数和步行距离以展示运动进度";
				INFOPLIST_KEY_NSLocationWhenInUseUsageDescription = "PetWalk需要您的位置权限来记录遛狗轨迹";
				INFOPLIST_KEY_NSPhotoLibraryUsageDescription = "PetWalk需要访问相册以选择宠物照片";
				INFOPLIST_KEY_UIApplicationSceneManifest_Generation = YES;
				INFOPLIST_KEY_UIApplicationSupportsIndirectInputEvents = YES;
				INFOPLIST_KEY_UIRequiredDeviceCapabilities = armv7;
				INFOPLIST_KEY_UISupportedInterfaceOrientations = UIInterfaceOrientationPortrait;
				INFOPLIST_KEY_UISupportedInterfaceOrientations_iPad = "UIInterfaceOrientationPortrait UIInterfaceOrientationPortraitUpsideDown UIInterfaceOrientationLandscapeLeft UIInterfaceOrientationLandscapeRight";
				INFOPLIST_KEY_UISupportedInterfaceOrientations_iPhone = "UIInterfaceOrientationPortrait UIInterfaceOrientationLandscapeLeft UIInterfaceOrientationLandscapeRight";
				LD_RUNPATH_SEARCH_PATHS = (
					"$(inherited)",
					"@executable_path/Frameworks",
				);
				MARKETING_VERSION = 1.0;
				PRODUCT_BUNDLE_IDENTIFIER = Rooftop22.PetWalk;
				PRODUCT_NAME = "$(TARGET_NAME)";
				SWIFT_EMIT_LOC_STRINGS = YES;
				SWIFT_VERSION = 5.0;
				TARGETED_DEVICE_FAMILY = "1,2";
			};
			name = Release;
		};
		348042C92EDDC29000D887F4 /* Debug */ = {
			isa = XCBuildConfiguration;
			buildSettings = {
				BUNDLE_LOADER = "$(TEST_HOST)";
				CODE_SIGN_STYLE = Automatic;
				CURRENT_PROJECT_VERSION = 1;
				DEVELOPMENT_TEAM = 2W2SCP4Q92;
				GENERATE_INFOPLIST_FILE = YES;
				IPHONEOS_DEPLOYMENT_TARGET = 18.5;
				MARKETING_VERSION = 1.0;
				PRODUCT_BUNDLE_IDENTIFIER = Rooftop22.PetWalkTests;
				PRODUCT_NAME = "$(TARGET_NAME)";
				SWIFT_EMIT_LOC_STRINGS = NO;
				SWIFT_VERSION = 5.0;
				TARGETED_DEVICE_FAMILY = "1,2";
				TEST_HOST = "$(BUILT_PRODUCTS_DIR)/PetWalk.app/$(BUNDLE_EXECUTABLE_FOLDER_PATH)/PetWalk";
			};
			name = Debug;
		};
		348042CA2EDDC29000D887F4 /* Release */ = {
			isa = XCBuildConfiguration;
			buildSettings = {
				BUNDLE_LOADER = "$(TEST_HOST)";
				CODE_SIGN_STYLE = Automatic;
				CURRENT_PROJECT_VERSION = 1;
				DEVELOPMENT_TEAM = 2W2SCP4Q92;
				GENERATE_INFOPLIST_FILE = YES;
				IPHONEOS_DEPLOYMENT_TARGET = 18.5;
				MARKETING_VERSION = 1.0;
				PRODUCT_BUNDLE_IDENTIFIER = Rooftop22.PetWalkTests;
				PRODUCT_NAME = "$(TARGET_NAME)";
				SWIFT_EMIT_LOC_STRINGS = NO;
				SWIFT_VERSION = 5.0;
				TARGETED_DEVICE_FAMILY = "1,2";
				TEST_HOST = "$(BUILT_PRODUCTS_DIR)/PetWalk.app/$(BUNDLE_EXECUTABLE_FOLDER_PATH)/PetWalk";
			};
			name = Release;
		};
		348042CC2EDDC29000D887F4 /* Debug */ = {
			isa = XCBuildConfiguration;
			buildSettings = {
				CODE_SIGN_STYLE = Automatic;
				CURRENT_PROJECT_VERSION = 1;
				DEVELOPMENT_TEAM = 2W2SCP4Q92;
				GENERATE_INFOPLIST_FILE = YES;
				MARKETING_VERSION = 1.0;
				PRODUCT_BUNDLE_IDENTIFIER = Rooftop22.PetWalkUITests;
				PRODUCT_NAME = "$(TARGET_NAME)";
				SWIFT_EMIT_LOC_STRINGS = NO;
				SWIFT_VERSION = 5.0;
				TARGETED_DEVICE_FAMILY = "1,2";
				TEST_TARGET_NAME = PetWalk;
			};
			name = Debug;
		};
		348042CD2EDDC29000D887F4 /* Release */ = {
			isa = XCBuildConfiguration;
			buildSettings = {
				CODE_SIGN_STYLE = Automatic;
				CURRENT_PROJECT_VERSION = 1;
				DEVELOPMENT_TEAM = 2W2SCP4Q92;
				GENERATE_INFOPLIST_FILE = YES;
				MARKETING_VERSION = 1.0;
				PRODUCT_BUNDLE_IDENTIFIER = Rooftop22.PetWalkUITests;
				PRODUCT_NAME = "$(TARGET_NAME)";
				SWIFT_EMIT_LOC_STRINGS = NO;
				SWIFT_VERSION = 5.0;
				TARGETED_DEVICE_FAMILY = "1,2";
				TEST_TARGET_NAME = PetWalk;
			};
			name = Release;
		};
		348043252EDEAF5F00D887F4 /* Debug */ = {
			isa = XCBuildConfiguration;
			buildSettings = {
				ASSETCATALOG_COMPILER_APPICON_NAME = AppIcon;
				ASSETCATALOG_COMPILER_GLOBAL_ACCENT_COLOR_NAME = AccentColor;
				CODE_SIGN_STYLE = Automatic;
				CURRENT_PROJECT_VERSION = 1;
				DEVELOPMENT_TEAM = 2W2SCP4Q92;
				ENABLE_PREVIEWS = YES;
				GENERATE_INFOPLIST_FILE = YES;
				INFOPLIST_KEY_CFBundleDisplayName = PetWalkWatch;
				INFOPLIST_KEY_UISupportedInterfaceOrientations = "UIInterfaceOrientationPortrait UIInterfaceOrientationPortraitUpsideDown";
				INFOPLIST_KEY_WKCompanionAppBundleIdentifier = Rooftop22.PetWalk;
				LD_RUNPATH_SEARCH_PATHS = (
					"$(inherited)",
					"@executable_path/Frameworks",
				);
				MARKETING_VERSION = 1.0;
				PRODUCT_BUNDLE_IDENTIFIER = Rooftop22.PetWalk.watchkitapp;
				PRODUCT_NAME = "$(TARGET_NAME)";
				SDKROOT = watchos;
				SKIP_INSTALL = YES;
				SWIFT_EMIT_LOC_STRINGS = YES;
				SWIFT_VERSION = 5.0;
				TARGETED_DEVICE_FAMILY = 4;
				WATCHOS_DEPLOYMENT_TARGET = 11.5;
			};
			name = Debug;
		};
		348043262EDEAF5F00D887F4 /* Release */ = {
			isa = XCBuildConfiguration;
			buildSettings = {
				ASSETCATALOG_COMPILER_APPICON_NAME = AppIcon;
				ASSETCATALOG_COMPILER_GLOBAL_ACCENT_COLOR_NAME = AccentColor;
				CODE_SIGN_STYLE = Automatic;
				CURRENT_PROJECT_VERSION = 1;
				DEVELOPMENT_TEAM = 2W2SCP4Q92;
				ENABLE_PREVIEWS = YES;
				GENERATE_INFOPLIST_FILE = YES;
				INFOPLIST_KEY_CFBundleDisplayName = PetWalkWatch;
				INFOPLIST_KEY_UISupportedInterfaceOrientations = "UIInterfaceOrientationPortrait UIInterfaceOrientationPortraitUpsideDown";
				INFOPLIST_KEY_WKCompanionAppBundleIdentifier = Rooftop22.PetWalk;
				LD_RUNPATH_SEARCH_PATHS = (
					"$(inherited)",
					"@executable_path/Frameworks",
				);
				MARKETING_VERSION = 1.0;
				PRODUCT_BUNDLE_IDENTIFIER = Rooftop22.PetWalk.watchkitapp;
				PRODUCT_NAME = "$(TARGET_NAME)";
				SDKROOT = watchos;
				SKIP_INSTALL = YES;
				SWIFT_EMIT_LOC_STRINGS = YES;
				SWIFT_VERSION = 5.0;
				TARGETED_DEVICE_FAMILY = 4;
				WATCHOS_DEPLOYMENT_TARGET = 11.5;
			};
			name = Release;
		};
		348043292EDEAF5F00D887F4 /* Debug */ = {
			isa = XCBuildConfiguration;
			buildSettings = {
				BUNDLE_LOADER = "$(TEST_HOST)";
				CODE_SIGN_STYLE = Automatic;
				CURRENT_PROJECT_VERSION = 1;
				DEVELOPMENT_TEAM = 2W2SCP4Q92;
				GENERATE_INFOPLIST_FILE = YES;
				MARKETING_VERSION = 1.0;
				PRODUCT_BUNDLE_IDENTIFIER = "Rooftop22.PetWalkWatch-Watch-AppTests";
				PRODUCT_NAME = "$(TARGET_NAME)";
				SDKROOT = watchos;
				SWIFT_EMIT_LOC_STRINGS = NO;
				SWIFT_VERSION = 5.0;
				TARGETED_DEVICE_FAMILY = 4;
				TEST_HOST = "$(BUILT_PRODUCTS_DIR)/PetWalkWatch Watch App.app/$(BUNDLE_EXECUTABLE_FOLDER_PATH)/PetWalkWatch Watch App";
				WATCHOS_DEPLOYMENT_TARGET = 11.5;
			};
			name = Debug;
		};
		3480432A2EDEAF5F00D887F4 /* Release */ = {
			isa = XCBuildConfiguration;
			buildSettings = {
				BUNDLE_LOADER = "$(TEST_HOST)";
				CODE_SIGN_STYLE = Automatic;
				CURRENT_PROJECT_VERSION = 1;
				DEVELOPMENT_TEAM = 2W2SCP4Q92;
				GENERATE_INFOPLIST_FILE = YES;
				MARKETING_VERSION = 1.0;
				PRODUCT_BUNDLE_IDENTIFIER = "Rooftop22.PetWalkWatch-Watch-AppTests";
				PRODUCT_NAME = "$(TARGET_NAME)";
				SDKROOT = watchos;
				SWIFT_EMIT_LOC_STRINGS = NO;
				SWIFT_VERSION = 5.0;
				TARGETED_DEVICE_FAMILY = 4;
				TEST_HOST = "$(BUILT_PRODUCTS_DIR)/PetWalkWatch Watch App.app/$(BUNDLE_EXECUTABLE_FOLDER_PATH)/PetWalkWatch Watch App";
				WATCHOS_DEPLOYMENT_TARGET = 11.5;
			};
			name = Release;
		};
		3480432C2EDEAF5F00D887F4 /* Debug */ = {
			isa = XCBuildConfiguration;
			buildSettings = {
				CODE_SIGN_STYLE = Automatic;
				CURRENT_PROJECT_VERSION = 1;
				DEVELOPMENT_TEAM = 2W2SCP4Q92;
				GENERATE_INFOPLIST_FILE = YES;
				MARKETING_VERSION = 1.0;
				PRODUCT_BUNDLE_IDENTIFIER = "Rooftop22.PetWalkWatch-Watch-AppUITests";
				PRODUCT_NAME = "$(TARGET_NAME)";
				SDKROOT = watchos;
				SWIFT_EMIT_LOC_STRINGS = NO;
				SWIFT_VERSION = 5.0;
				TARGETED_DEVICE_FAMILY = 4;
				TEST_TARGET_NAME = "PetWalkWatch Watch App";
				WATCHOS_DEPLOYMENT_TARGET = 11.5;
			};
			name = Debug;
		};
		3480432D2EDEAF5F00D887F4 /* Release */ = {
			isa = XCBuildConfiguration;
			buildSettings = {
				CODE_SIGN_STYLE = Automatic;
				CURRENT_PROJECT_VERSION = 1;
				DEVELOPMENT_TEAM = 2W2SCP4Q92;
				GENERATE_INFOPLIST_FILE = YES;
				MARKETING_VERSION = 1.0;
				PRODUCT_BUNDLE_IDENTIFIER = "Rooftop22.PetWalkWatch-Watch-AppUITests";
				PRODUCT_NAME = "$(TARGET_NAME)";
				SDKROOT = watchos;
				SWIFT_EMIT_LOC_STRINGS = NO;
				SWIFT_VERSION = 5.0;
				TARGETED_DEVICE_FAMILY = 4;
				TEST_TARGET_NAME = "PetWalkWatch Watch App";
				WATCHOS_DEPLOYMENT_TARGET = 11.5;
			};
			name = Release;
		};
/* End XCBuildConfiguration section */

/* Begin XCConfigurationList section */
		3480429D2EDDC28E00D887F4 /* Build configuration list for PBXProject "PetWalk" */ = {
			isa = XCConfigurationList;
			buildConfigurations = (
				348042C32EDDC29000D887F4 /* Debug */,
				348042C42EDDC29000D887F4 /* Release */,
			);
			defaultConfigurationIsVisible = 0;
			defaultConfigurationName = Release;
		};
		348042C52EDDC29000D887F4 /* Build configuration list for PBXNativeTarget "PetWalk" */ = {
			isa = XCConfigurationList;
			buildConfigurations = (
				348042C62EDDC29000D887F4 /* Debug */,
				348042C72EDDC29000D887F4 /* Release */,
			);
			defaultConfigurationIsVisible = 0;
			defaultConfigurationName = Release;
		};
		348042C82EDDC29000D887F4 /* Build configuration list for PBXNativeTarget "PetWalkTests" */ = {
			isa = XCConfigurationList;
			buildConfigurations = (
				348042C92EDDC29000D887F4 /* Debug */,
				348042CA2EDDC29000D887F4 /* Release */,
			);
			defaultConfigurationIsVisible = 0;
			defaultConfigurationName = Release;
		};
		348042CB2EDDC29000D887F4 /* Build configuration list for PBXNativeTarget "PetWalkUITests" */ = {
			isa = XCConfigurationList;
			buildConfigurations = (
				348042CC2EDDC29000D887F4 /* Debug */,
				348042CD2EDDC29000D887F4 /* Release */,
			);
			defaultConfigurationIsVisible = 0;
			defaultConfigurationName = Release;
		};
		348043242EDEAF5F00D887F4 /* Build configuration list for PBXNativeTarget "PetWalkWatch Watch App" */ = {
			isa = XCConfigurationList;
			buildConfigurations = (
				348043252EDEAF5F00D887F4 /* Debug */,
				348043262EDEAF5F00D887F4 /* Release */,
			);
			defaultConfigurationIsVisible = 0;
			defaultConfigurationName = Release;
		};
		348043282EDEAF5F00D887F4 /* Build configuration list for PBXNativeTarget "PetWalkWatch Watch AppTests" */ = {
			isa = XCConfigurationList;
			buildConfigurations = (
				348043292EDEAF5F00D887F4 /* Debug */,
				3480432A2EDEAF5F00D887F4 /* Release */,
			);
			defaultConfigurationIsVisible = 0;
			defaultConfigurationName = Release;
		};
		3480432B2EDEAF5F00D887F4 /* Build configuration list for PBXNativeTarget "PetWalkWatch Watch AppUITests" */ = {
			isa = XCConfigurationList;
			buildConfigurations = (
				3480432C2EDEAF5F00D887F4 /* Debug */,
				3480432D2EDEAF5F00D887F4 /* Release */,
			);
			defaultConfigurationIsVisible = 0;
			defaultConfigurationName = Release;
		};
/* End XCConfigurationList section */
	};
	rootObject = 3480429A2EDDC28E00D887F4 /* Project object */;
}
